
Microsoft Visual Studio Solution File, Format Version 12.00
# Visual Studio Version 17
VisualStudioVersion = 17.4.33103.184
MinimumVisualStudioVersion = 10.0.40219.1
Project("{9A19103F-16F7-4668-BE54-9A1E7A4F7556}") = "MultiTool.Core", "MultiTool.Core.csproj", "{905C532A-1198-4856-9006-FC8CDD2AB321}"
EndProject
Project("{FAE04EC0-301F-11D3-BF4B-00C04F79EFBC}") = "MultiTool.Models", "..\WeatherModels\MultiTool.Models.csproj", "{1AE8AB06-6221-4FEE-BB82-A29EFC40A642}"
EndProject
Project("{FAE04EC0-301F-11D3-BF4B-00C04F79EFBC}") = "MultiTool.Core.Tests", "..\MultiTool.Core.Tests\MultiTool.Core.Tests.csproj", "{D63F2F9D-CFF6-4BBD-9AF9-719569C4D774}"
EndProject
Global
	GlobalSection(SolutionConfigurationPlatforms) = preSolution
		Debug|Any CPU = Debug|Any CPU
		Release|Any CPU = Release|Any CPU
	EndGlobalSection
	GlobalSection(ProjectConfigurationPlatforms) = postSolution
		{905C532A-1198-4856-9006-FC8CDD2AB321}.Debug|Any CPU.ActiveCfg = Debug|Any CPU
		{905C532A-1198-4856-9006-FC8CDD2AB321}.Debug|Any CPU.Build.0 = Debug|Any CPU
		{905C532A-1198-4856-9006-FC8CDD2AB321}.Release|Any CPU.ActiveCfg = Release|Any CPU
		{905C532A-1198-4856-9006-FC8CDD2AB321}.Release|Any CPU.Build.0 = Release|Any CPU
		{1AE8AB06-6221-4FEE-BB82-A29EFC40A642}.Debug|Any CPU.ActiveCfg = Debug|Any CPU
		{1AE8AB06-6221-4FEE-BB82-A29EFC40A642}.Debug|Any CPU.Build.0 = Debug|Any CPU
		{1AE8AB06-6221-4FEE-BB82-A29EFC40A642}.Release|Any CPU.ActiveCfg = Release|Any CPU
		{1AE8AB06-6221-4FEE-BB82-A29EFC40A642}.Release|Any CPU.Build.0 = Release|Any CPU
		{D63F2F9D-CFF6-4BBD-9AF9-719569C4D774}.Debug|Any CPU.ActiveCfg = Debug|Any CPU
		{D63F2F9D-CFF6-4BBD-9AF9-719569C4D774}.Debug|Any CPU.Build.0 = Debug|Any CPU
		{D63F2F9D-CFF6-4BBD-9AF9-719569C4D774}.Release|Any CPU.ActiveCfg = Release|Any CPU
		{D63F2F9D-CFF6-4BBD-9AF9-719569C4D774}.Release|Any CPU.Build.0 = Release|Any CPU
	EndGlobalSection
	GlobalSection(SolutionProperties) = preSolution
		HideSolutionNode = FALSE
	EndGlobalSection
	GlobalSection(ExtensibilityGlobals) = postSolution
		SolutionGuid = {1CE8FF9C-7E44-4C1C-92CB-C01497046B05}
	EndGlobalSection
EndGlobal
